
Microsoft Visual Studio Solution File, Format Version 12.00
# Visual Studio Version 16
VisualStudioVersion = 16.0.31702.278
MinimumVisualStudioVersion = 10.0.40219.1
Project("{FAE04EC0-301F-11D3-BF4B-00C04F79EFBC}") = "WinFormsApp1", "WinFormsApp1\WinFormsApp1.csproj", "{F4A99ACE-7BBD-4BB7-B136-CDBBF079935F}"
EndProject
Global
	GlobalSection(SolutionConfigurationPlatforms) = preSolution
		Debug|Any CPU = Debug|Any CPU
		Release|Any CPU = Release|Any CPU
	EndGlobalSection
	GlobalSection(ProjectConfigurationPlatforms) = postSolution
		{F4A99ACE-7BBD-4BB7-B136-CDBBF079935F}.Debug|Any CPU.ActiveCfg = Debug|Any CPU
		{F4A99ACE-7BBD-4BB7-B136-CDBBF079935F}.Debug|Any CPU.Build.0 = Debug|Any CPU
		{F4A99ACE-7BBD-4BB7-B136-CDBBF079935F}.Release|Any CPU.ActiveCfg = Release|Any CPU
		{F4A99ACE-7BBD-4BB7-B136-CDBBF079935F}.Release|Any CPU.Build.0 = Release|Any CPU
	EndGlobalSection
	GlobalSection(SolutionProperties) = preSolution
		HideSolutionNode = FALSE
	EndGlobalSection
	GlobalSection(ExtensibilityGlobals) = postSolution
		SolutionGuid = {73F343D2-35DB-47F2-87EB-F54F4CCB87EA}
	EndGlobalSection
EndGlobal
